
Microsoft Visual Studio Solution File, Format Version 12.00
# Visual Studio Version 17
VisualStudioVersion = 17.13.35825.156 d17.13
MinimumVisualStudioVersion = 10.0.40219.1
Project("{FAE04EC0-301F-11D3-BF4B-00C04F79EFBC}") = "chessGame", "chessGame\chessGame.csproj", "{F291F384-E884-490A-BC40-CBA6D8C975CD}"
EndProject
Project("{FAE04EC0-301F-11D3-BF4B-00C04F79EFBC}") = "chessLogic", "chessLogic\chessLogic.csproj", "{548438F1-8F8F-4AD9-8C59-76D1961793C5}"
EndProject
Global
	GlobalSection(SolutionConfigurationPlatforms) = preSolution
		Debug|Any CPU = Debug|Any CPU
		Release|Any CPU = Release|Any CPU
	EndGlobalSection
	GlobalSection(ProjectConfigurationPlatforms) = postSolution
		{F291F384-E884-490A-BC40-CBA6D8C975CD}.Debug|Any CPU.ActiveCfg = Debug|Any CPU
		{F291F384-E884-490A-BC40-CBA6D8C975CD}.Debug|Any CPU.Build.0 = Debug|Any CPU
		{F291F384-E884-490A-BC40-CBA6D8C975CD}.Release|Any CPU.ActiveCfg = Release|Any CPU
		{F291F384-E884-490A-BC40-CBA6D8C975CD}.Release|Any CPU.Build.0 = Release|Any CPU
		{548438F1-8F8F-4AD9-8C59-76D1961793C5}.Debug|Any CPU.ActiveCfg = Debug|Any CPU
		{548438F1-8F8F-4AD9-8C59-76D1961793C5}.Debug|Any CPU.Build.0 = Debug|Any CPU
		{548438F1-8F8F-4AD9-8C59-76D1961793C5}.Release|Any CPU.ActiveCfg = Release|Any CPU
		{548438F1-8F8F-4AD9-8C59-76D1961793C5}.Release|Any CPU.Build.0 = Release|Any CPU
	EndGlobalSection
	GlobalSection(SolutionProperties) = preSolution
		HideSolutionNode = FALSE
	EndGlobalSection
	GlobalSection(ExtensibilityGlobals) = postSolution
		SolutionGuid = {F54E6340-C58C-4671-9F34-34DBDF7226EF}
	EndGlobalSection
EndGlobal
